{
  "lockfileVersion": 1,
  "configVersion": 1,
  "workspaces": {
    "": {
      "name": "autobrowser",
      "devDependencies": {
        "@types/bun": "^1.3.14",
        "@types/chrome": "^0.1.42",
        "@types/node": "^24.12.4",
        "husky": "^9.1.7",
        "oxfmt": "0.15.0",
        "oxlint": "1.30.0",
        "typescript": "^6.0.3",
      },
    },
  },
  "packages": {
    "@oxfmt/darwin-arm64": ["@oxfmt/darwin-arm64@0.15.0", "https://registry.npmmirror.com/@oxfmt/darwin-arm64/-/darwin-arm64-0.15.0.tgz", { "os": "darwin", "cpu": "arm64" }, "sha512-M5xiXkqtwG/1yVlNZJaXeFJGs1jVTT7Q6gfdIU3nO8wXIj0lsfcirc55XPObWohA8T73oLh3Cp1oSQluxVXQrQ=="],

    "@oxfmt/darwin-x64": ["@oxfmt/darwin-x64@0.15.0", "https://registry.npmmirror.com/@oxfmt/darwin-x64/-/darwin-x64-0.15.0.tgz", { "os": "darwin", "cpu": "x64" }, "sha512-HXBZBV1oqmZWcmXXQE+zXNpe8nOXyeY9oLeW6KfflR1HCicR75Tmer6Y5/euVOb/mDfegkkjReRoQnYxJ6CmtQ=="],

    "@oxfmt/linux-arm64-gnu": ["@oxfmt/linux-arm64-gnu@0.15.0", "https://registry.npmmirror.com/@oxfmt/linux-arm64-gnu/-/linux-arm64-gnu-0.15.0.tgz", { "os": "linux", "cpu": "arm64" }, "sha512-udaMrO+a6XFCtr0wPMHNFxyYD824y0FzjMrll77P8t2jDxiNAwbEzbz7SU0VKSEH36K62bgS2Dn/yfWedXQFrQ=="],

    "@oxfmt/linux-arm64-musl": ["@oxfmt/linux-arm64-musl@0.15.0", "https://registry.npmmirror.com/@oxfmt/linux-arm64-musl/-/linux-arm64-musl-0.15.0.tgz", { "os": "linux", "cpu": "arm64" }, "sha512-HHFSA5bL60DG2QjI9KnkCCImdBitLoun1LGitMpI9SQDYeKezDr8rz4IQWeE2h45dWltFFm5fONh6cwSLFeHOQ=="],

    "@oxfmt/linux-x64-gnu": ["@oxfmt/linux-x64-gnu@0.15.0", "https://registry.npmmirror.com/@oxfmt/linux-x64-gnu/-/linux-x64-gnu-0.15.0.tgz", { "os": "linux", "cpu": "x64" }, "sha512-M1dN2Erxd5d5e/YP19Rv6TsDiHAgeAydOX/Qr42/CQfP93edohFOXvZsgthEGQVKNcc45SNDd2Fscx3szw68iA=="],

    "@oxfmt/linux-x64-musl": ["@oxfmt/linux-x64-musl@0.15.0", "https://registry.npmmirror.com/@oxfmt/linux-x64-musl/-/linux-x64-musl-0.15.0.tgz", { "os": "linux", "cpu": "x64" }, "sha512-Y7f+Daz9/Hnmtkja6Va0E8iYYSSV4RGyIz8FD2flfd3BIA1TOVOYwlmkAFQkBUhwuIDsYOtsWcAXJAf8cWiAEw=="],

    "@oxfmt/win32-arm64": ["@oxfmt/win32-arm64@0.15.0", "https://registry.npmmirror.com/@oxfmt/win32-arm64/-/win32-arm64-0.15.0.tgz", { "os": "win32", "cpu": "arm64" }, "sha512-IhrYWgy9yF5tynkScyiQEiTxvEXVo8L++JuIIv36p2Vdk7wPNtfq1tHSiu1nrUw33idjsWZ0QsP6Sx2e+48s0A=="],

    "@oxfmt/win32-x64": ["@oxfmt/win32-x64@0.15.0", "https://registry.npmmirror.com/@oxfmt/win32-x64/-/win32-x64-0.15.0.tgz", { "os": "win32", "cpu": "x64" }, "sha512-ngMLVe0UxjKtjZ79MYp0qJDolltFOAFp511Tfr89nVv077cQosqZ0Sx7hmIQLA0G+wyADfG/UMNcpPVyC/Msig=="],

    "@oxlint/darwin-arm64": ["@oxlint/darwin-arm64@1.30.0", "https://registry.npmmirror.com/@oxlint/darwin-arm64/-/darwin-arm64-1.30.0.tgz", { "os": "darwin", "cpu": "arm64" }, "sha512-vIiTk1FBObXHvaG3WK/SpwCZP06fuHhSrn8mK2hEs2uSFWG63WgvLAHSGhI4U1X29JGf36zhfUzuKirDIVdKBQ=="],

    "@oxlint/darwin-x64": ["@oxlint/darwin-x64@1.30.0", "https://registry.npmmirror.com/@oxlint/darwin-x64/-/darwin-x64-1.30.0.tgz", { "os": "darwin", "cpu": "x64" }, "sha512-DP4ueul8Vza52gJX1/+jyXQjUsgjmPe4Pq5uYOVa8k2V8cKRb2JzBls+DugbeP7yzKNTmlSp3J2mUnHQXuntLA=="],

    "@oxlint/linux-arm64-gnu": ["@oxlint/linux-arm64-gnu@1.30.0", "https://registry.npmmirror.com/@oxlint/linux-arm64-gnu/-/linux-arm64-gnu-1.30.0.tgz", { "os": "linux", "cpu": "arm64" }, "sha512-1e9NvTvjzG6t1tnUzNU9HZTVwNwhZw2BDQxwIsXV743g54BIkvyZNNXOEGic/Jw4IuIXHzpX3ztVWZaSzvDopg=="],

    "@oxlint/linux-arm64-musl": ["@oxlint/linux-arm64-musl@1.30.0", "https://registry.npmmirror.com/@oxlint/linux-arm64-musl/-/linux-arm64-musl-1.30.0.tgz", { "os": "linux", "cpu": "arm64" }, "sha512-szb5RB8Tbk756/z/GAdmUn+H1E2815BbcM7s6JZYQgyCJxR0RCL1yFXgKyz3BjIDqzR98Tw8H3g4TeJbN2etAg=="],

    "@oxlint/linux-x64-gnu": ["@oxlint/linux-x64-gnu@1.30.0", "https://registry.npmmirror.com/@oxlint/linux-x64-gnu/-/linux-x64-gnu-1.30.0.tgz", { "os": "linux", "cpu": "x64" }, "sha512-yOWGu4a82yA8xLusaznW41IF5ZkvBNz/U++M2/tCYAQUoJKSfJuAS5AhApRMKZLKeX0Vmdagh0YwvC+e98QG0w=="],

    "@oxlint/linux-x64-musl": ["@oxlint/linux-x64-musl@1.30.0", "https://registry.npmmirror.com/@oxlint/linux-x64-musl/-/linux-x64-musl-1.30.0.tgz", { "os": "linux", "cpu": "x64" }, "sha512-qL1902VF4EMTZTZdJEIzzUQ+UD0IbH+IW6dhYZXbP9nTXJnItW1fk4cyJq5zfUVu1IoVwKK2FP1jUMqEsBlWTw=="],

    "@oxlint/win32-arm64": ["@oxlint/win32-arm64@1.30.0", "https://registry.npmmirror.com/@oxlint/win32-arm64/-/win32-arm64-1.30.0.tgz", { "os": "win32", "cpu": "arm64" }, "sha512-QK6C1djHKI7g1l5g6W9vkz9sd+sn1QJe6PbaV2sWFjVVoT0tO6LWygVWaci09ZHYVJ+lnCbbaFEgZ9jQhIs05A=="],

    "@oxlint/win32-x64": ["@oxlint/win32-x64@1.30.0", "https://registry.npmmirror.com/@oxlint/win32-x64/-/win32-x64-1.30.0.tgz", { "os": "win32", "cpu": "x64" }, "sha512-tbPnJIBUKke9KpceV+DpGyfN3LdhGaEPJHSuD4/mUEwP9Kk6IKSoDNih681RVGhgvaEZg3uHmQr6n9Uh0P3Yrg=="],

    "@types/bun": ["@types/bun@1.3.14", "https://registry.npmmirror.com/@types/bun/-/bun-1.3.14.tgz", { "dependencies": { "bun-types": "1.3.14" } }, "sha512-h1hFqFVcvAvD9j9K7ZW7vd82aSA+rTdznZa+5bwvCwqSB1jmmfLcbIWhOLx1/+boy/xmjgCs/OMUL8hRJSmnPw=="],

    "@types/chrome": ["@types/chrome@0.1.42", "https://registry.npmmirror.com/@types/chrome/-/chrome-0.1.42.tgz", { "dependencies": { "@types/filesystem": "0.0.36", "@types/har-format": "1.2.16" } }, "sha512-tdT2roFqGecZZDjA9fUEAINb2STxSPifHMDvY6EfRjNRCjdrs/0FwKt5RCIA9MKMd1arAYZZL3nwEkp6ZLZu2w=="],

    "@types/filesystem": ["@types/filesystem@0.0.36", "https://registry.npmmirror.com/@types/filesystem/-/filesystem-0.0.36.tgz", { "dependencies": { "@types/filewriter": "0.0.33" } }, "sha512-vPDXOZuannb9FZdxgHnqSwAG/jvdGM8Wq+6N4D/d80z+D4HWH+bItqsZaVRQykAn6WEVeEkLm2oQigyHtgb0RA=="],

    "@types/filewriter": ["@types/filewriter@0.0.33", "https://registry.npmmirror.com/@types/filewriter/-/filewriter-0.0.33.tgz", {}, "sha512-xFU8ZXTw4gd358lb2jw25nxY9QAgqn2+bKKjKOYfNCzN4DKCFetK7sPtrlpg66Ywe3vWY9FNxprZawAh9wfJ3g=="],

    "@types/har-format": ["@types/har-format@1.2.16", "https://registry.npmmirror.com/@types/har-format/-/har-format-1.2.16.tgz", {}, "sha512-fluxdy7ryD3MV6h8pTfTYpy/xQzCFC7m89nOH9y94cNqJ1mDIDPut7MnRHI3F6qRmh/cT2fUjG1MLdCNb4hE9A=="],

    "@types/node": ["@types/node@24.12.4", "https://registry.npmmirror.com/@types/node/-/node-24.12.4.tgz", { "dependencies": { "undici-types": "~7.16.0" } }, "sha512-GUUEShf+PBCGW2KaXwcIt3Yk+e3pkKwWKb9GSyM9WQVE+ep2jzmHdGsHzu4wgcZy5fN9FBdVzjpBQsYlpfpgLA=="],

    "bun-types": ["bun-types@1.3.14", "https://registry.npmmirror.com/bun-types/-/bun-types-1.3.14.tgz", { "dependencies": { "@types/node": "*" } }, "sha512-4N0ig0fEomHt5R0KCFWjovxow98rIoRwKolrYdCcknNwMekCXRnWEUvgu5soYV8QXtVsrUD8B95MBOZGPvr6KQ=="],

    "husky": ["husky@9.1.7", "https://registry.npmmirror.com/husky/-/husky-9.1.7.tgz", { "bin": { "husky": "bin.js" } }, "sha512-5gs5ytaNjBrh5Ow3zrvdUUY+0VxIuWVL4i9irt6friV+BqdCfmV11CQTWMiBYWHbXhco+J1kHfTOUkePhCDvMA=="],

    "oxfmt": ["oxfmt@0.15.0", "https://registry.npmmirror.com/oxfmt/-/oxfmt-0.15.0.tgz", { "optionalDependencies": { "@oxfmt/darwin-arm64": "0.15.0", "@oxfmt/darwin-x64": "0.15.0", "@oxfmt/linux-arm64-gnu": "0.15.0", "@oxfmt/linux-arm64-musl": "0.15.0", "@oxfmt/linux-x64-gnu": "0.15.0", "@oxfmt/linux-x64-musl": "0.15.0", "@oxfmt/win32-arm64": "0.15.0", "@oxfmt/win32-x64": "0.15.0" }, "bin": { "oxfmt": "bin/oxfmt" } }, "sha512-WOPBsZteu/H7t+3UGuEDyYi87+v2H96zyBwrEIwq4SEAt8P3bL6velrvs71V6aOpxjLcIPAnKjXeHScvFImI4w=="],

    "oxlint": ["oxlint@1.30.0", "https://registry.npmmirror.com/oxlint/-/oxlint-1.30.0.tgz", { "optionalDependencies": { "@oxlint/darwin-arm64": "1.30.0", "@oxlint/darwin-x64": "1.30.0", "@oxlint/linux-arm64-gnu": "1.30.0", "@oxlint/linux-arm64-musl": "1.30.0", "@oxlint/linux-x64-gnu": "1.30.0", "@oxlint/linux-x64-musl": "1.30.0", "@oxlint/win32-arm64": "1.30.0", "@oxlint/win32-x64": "1.30.0" }, "bin": { "oxlint": "bin/oxlint", "oxc_language_server": "bin/oxc_language_server" } }, "sha512-6Mcpj7Gn26QNRUpue9kRZKQg623mH10kLPl597sNCOfXeUZHTglrc2O54eskHMRA+tR7c0u73nW4GPwSFePLkA=="],

    "typescript": ["typescript@6.0.3", "https://registry.npmmirror.com/typescript/-/typescript-6.0.3.tgz", { "bin": { "tsc": "bin/tsc", "tsserver": "bin/tsserver" } }, "sha512-y2TvuxSZPDyQakkFRPZHKFm+KKVqIisdg9/CZwm9ftvKXLP8NRWj38/ODjNbr43SsoXqNuAisEf1GdCxqWcdBw=="],

    "undici-types": ["undici-types@7.16.0", "https://registry.npmmirror.com/undici-types/-/undici-types-7.16.0.tgz", {}, "sha512-Zz+aZWSj8LE6zoxD+xrjh4VfkIG8Ya6LvYkZqtUQGJPZjYl53ypCaUwWqo7eI0x66KBGeRo+mlBEkMSeSZ38Nw=="],
  }
}
