lockfileVersion: '9.0'

settings:
  autoInstallPeers: true
  excludeLinksFromLockfile: false

importers:

  .:
    devDependencies:
      '@types/bun':
        specifier: 1.3.13
        version: 1.3.13
      '@types/chrome':
        specifier: ^0.1.42
        version: 0.1.42
      '@types/node':
        specifier: ^24.12.3
        version: 24.12.3
      husky:
        specifier: ^9.1.7
        version: 9.1.7
      oxfmt:
        specifier: 0.15.0
        version: 0.15.0
      oxlint:
        specifier: 1.30.0
        version: 1.30.0
      typescript:
        specifier: ^6.0.3
        version: 6.0.3

packages:

  '@oxfmt/darwin-arm64@0.15.0':
    resolution: {integrity: sha512-M5xiXkqtwG/1yVlNZJaXeFJGs1jVTT7Q6gfdIU3nO8wXIj0lsfcirc55XPObWohA8T73oLh3Cp1oSQluxVXQrQ==}
    cpu: [arm64]
    os: [darwin]

  '@oxfmt/darwin-x64@0.15.0':
    resolution: {integrity: sha512-HXBZBV1oqmZWcmXXQE+zXNpe8nOXyeY9oLeW6KfflR1HCicR75Tmer6Y5/euVOb/mDfegkkjReRoQnYxJ6CmtQ==}
    cpu: [x64]
    os: [darwin]

  '@oxfmt/linux-arm64-gnu@0.15.0':
    resolution: {integrity: sha512-udaMrO+a6XFCtr0wPMHNFxyYD824y0FzjMrll77P8t2jDxiNAwbEzbz7SU0VKSEH36K62bgS2Dn/yfWedXQFrQ==}
    cpu: [arm64]
    os: [linux]
    libc: [glibc]

  '@oxfmt/linux-arm64-musl@0.15.0':
    resolution: {integrity: sha512-HHFSA5bL60DG2QjI9KnkCCImdBitLoun1LGitMpI9SQDYeKezDr8rz4IQWeE2h45dWltFFm5fONh6cwSLFeHOQ==}
    cpu: [arm64]
    os: [linux]
    libc: [musl]

  '@oxfmt/linux-x64-gnu@0.15.0':
    resolution: {integrity: sha512-M1dN2Erxd5d5e/YP19Rv6TsDiHAgeAydOX/Qr42/CQfP93edohFOXvZsgthEGQVKNcc45SNDd2Fscx3szw68iA==}
    cpu: [x64]
    os: [linux]
    libc: [glibc]

  '@oxfmt/linux-x64-musl@0.15.0':
    resolution: {integrity: sha512-Y7f+Daz9/Hnmtkja6Va0E8iYYSSV4RGyIz8FD2flfd3BIA1TOVOYwlmkAFQkBUhwuIDsYOtsWcAXJAf8cWiAEw==}
    cpu: [x64]
    os: [linux]
    libc: [musl]

  '@oxfmt/win32-arm64@0.15.0':
    resolution: {integrity: sha512-IhrYWgy9yF5tynkScyiQEiTxvEXVo8L++JuIIv36p2Vdk7wPNtfq1tHSiu1nrUw33idjsWZ0QsP6Sx2e+48s0A==}
    cpu: [arm64]
    os: [win32]

  '@oxfmt/win32-x64@0.15.0':
    resolution: {integrity: sha512-ngMLVe0UxjKtjZ79MYp0qJDolltFOAFp511Tfr89nVv077cQosqZ0Sx7hmIQLA0G+wyADfG/UMNcpPVyC/Msig==}
    cpu: [x64]
    os: [win32]

  '@oxlint/darwin-arm64@1.30.0':
    resolution: {integrity: sha512-vIiTk1FBObXHvaG3WK/SpwCZP06fuHhSrn8mK2hEs2uSFWG63WgvLAHSGhI4U1X29JGf36zhfUzuKirDIVdKBQ==}
    cpu: [arm64]
    os: [darwin]

  '@oxlint/darwin-x64@1.30.0':
    resolution: {integrity: sha512-DP4ueul8Vza52gJX1/+jyXQjUsgjmPe4Pq5uYOVa8k2V8cKRb2JzBls+DugbeP7yzKNTmlSp3J2mUnHQXuntLA==}
    cpu: [x64]
    os: [darwin]

  '@oxlint/linux-arm64-gnu@1.30.0':
    resolution: {integrity: sha512-1e9NvTvjzG6t1tnUzNU9HZTVwNwhZw2BDQxwIsXV743g54BIkvyZNNXOEGic/Jw4IuIXHzpX3ztVWZaSzvDopg==}
    cpu: [arm64]
    os: [linux]
    libc: [glibc]

  '@oxlint/linux-arm64-musl@1.30.0':
    resolution: {integrity: sha512-szb5RB8Tbk756/z/GAdmUn+H1E2815BbcM7s6JZYQgyCJxR0RCL1yFXgKyz3BjIDqzR98Tw8H3g4TeJbN2etAg==}
    cpu: [arm64]
    os: [linux]
    libc: [musl]

  '@oxlint/linux-x64-gnu@1.30.0':
    resolution: {integrity: sha512-yOWGu4a82yA8xLusaznW41IF5ZkvBNz/U++M2/tCYAQUoJKSfJuAS5AhApRMKZLKeX0Vmdagh0YwvC+e98QG0w==}
    cpu: [x64]
    os: [linux]
    libc: [glibc]

  '@oxlint/linux-x64-musl@1.30.0':
    resolution: {integrity: sha512-qL1902VF4EMTZTZdJEIzzUQ+UD0IbH+IW6dhYZXbP9nTXJnItW1fk4cyJq5zfUVu1IoVwKK2FP1jUMqEsBlWTw==}
    cpu: [x64]
    os: [linux]
    libc: [musl]

  '@oxlint/win32-arm64@1.30.0':
    resolution: {integrity: sha512-QK6C1djHKI7g1l5g6W9vkz9sd+sn1QJe6PbaV2sWFjVVoT0tO6LWygVWaci09ZHYVJ+lnCbbaFEgZ9jQhIs05A==}
    cpu: [arm64]
    os: [win32]

  '@oxlint/win32-x64@1.30.0':
    resolution: {integrity: sha512-tbPnJIBUKke9KpceV+DpGyfN3LdhGaEPJHSuD4/mUEwP9Kk6IKSoDNih681RVGhgvaEZg3uHmQr6n9Uh0P3Yrg==}
    cpu: [x64]
    os: [win32]

  '@types/bun@1.3.13':
    resolution: {integrity: sha512-9fqXWk5YIHGGnUau9TEi+qdlTYDAnOj+xLCmSTwXfAIqXr2x4tytJb43E9uCvt09zJURKXwAtkoH4nLQfzeTXw==}

  '@types/chrome@0.1.42':
    resolution: {integrity: sha512-tdT2roFqGecZZDjA9fUEAINb2STxSPifHMDvY6EfRjNRCjdrs/0FwKt5RCIA9MKMd1arAYZZL3nwEkp6ZLZu2w==}

  '@types/filesystem@0.0.36':
    resolution: {integrity: sha512-vPDXOZuannb9FZdxgHnqSwAG/jvdGM8Wq+6N4D/d80z+D4HWH+bItqsZaVRQykAn6WEVeEkLm2oQigyHtgb0RA==}

  '@types/filewriter@0.0.33':
    resolution: {integrity: sha512-xFU8ZXTw4gd358lb2jw25nxY9QAgqn2+bKKjKOYfNCzN4DKCFetK7sPtrlpg66Ywe3vWY9FNxprZawAh9wfJ3g==}

  '@types/har-format@1.2.16':
    resolution: {integrity: sha512-fluxdy7ryD3MV6h8pTfTYpy/xQzCFC7m89nOH9y94cNqJ1mDIDPut7MnRHI3F6qRmh/cT2fUjG1MLdCNb4hE9A==}

  '@types/node@24.12.3':
    resolution: {integrity: sha512-8oljBDGun9cIsZRJR6fkihn0TSXJI0UDOOhncYaERq6M0JMDoPLxyscwruJcb4GKS6dvK/d8xebYBg27h/duaQ==}

  bun-types@1.3.13:
    resolution: {integrity: sha512-QXKeHLlOLqQX9LgYaHJfzdBaV21T63HhFJnvuRCcjZiaUDpbs5ED1MgxbMra71CsryN/1dAoXuJJJwIv/2drVA==}

  husky@9.1.7:
    resolution: {integrity: sha512-5gs5ytaNjBrh5Ow3zrvdUUY+0VxIuWVL4i9irt6friV+BqdCfmV11CQTWMiBYWHbXhco+J1kHfTOUkePhCDvMA==}
    engines: {node: '>=18'}
    hasBin: true

  oxfmt@0.15.0:
    resolution: {integrity: sha512-WOPBsZteu/H7t+3UGuEDyYi87+v2H96zyBwrEIwq4SEAt8P3bL6velrvs71V6aOpxjLcIPAnKjXeHScvFImI4w==}
    engines: {node: ^20.19.0 || >=22.12.0}
    hasBin: true

  oxlint@1.30.0:
    resolution: {integrity: sha512-6Mcpj7Gn26QNRUpue9kRZKQg623mH10kLPl597sNCOfXeUZHTglrc2O54eskHMRA+tR7c0u73nW4GPwSFePLkA==}
    engines: {node: ^20.19.0 || >=22.12.0}
    hasBin: true
    peerDependencies:
      oxlint-tsgolint: '>=0.8.1'
    peerDependenciesMeta:
      oxlint-tsgolint:
        optional: true

  typescript@6.0.3:
    resolution: {integrity: sha512-y2TvuxSZPDyQakkFRPZHKFm+KKVqIisdg9/CZwm9ftvKXLP8NRWj38/ODjNbr43SsoXqNuAisEf1GdCxqWcdBw==}
    engines: {node: '>=14.17'}
    hasBin: true

  undici-types@7.16.0:
    resolution: {integrity: sha512-Zz+aZWSj8LE6zoxD+xrjh4VfkIG8Ya6LvYkZqtUQGJPZjYl53ypCaUwWqo7eI0x66KBGeRo+mlBEkMSeSZ38Nw==}

snapshots:

  '@oxfmt/darwin-arm64@0.15.0':
    optional: true

  '@oxfmt/darwin-x64@0.15.0':
    optional: true

  '@oxfmt/linux-arm64-gnu@0.15.0':
    optional: true

  '@oxfmt/linux-arm64-musl@0.15.0':
    optional: true

  '@oxfmt/linux-x64-gnu@0.15.0':
    optional: true

  '@oxfmt/linux-x64-musl@0.15.0':
    optional: true

  '@oxfmt/win32-arm64@0.15.0':
    optional: true

  '@oxfmt/win32-x64@0.15.0':
    optional: true

  '@oxlint/darwin-arm64@1.30.0':
    optional: true

  '@oxlint/darwin-x64@1.30.0':
    optional: true

  '@oxlint/linux-arm64-gnu@1.30.0':
    optional: true

  '@oxlint/linux-arm64-musl@1.30.0':
    optional: true

  '@oxlint/linux-x64-gnu@1.30.0':
    optional: true

  '@oxlint/linux-x64-musl@1.30.0':
    optional: true

  '@oxlint/win32-arm64@1.30.0':
    optional: true

  '@oxlint/win32-x64@1.30.0':
    optional: true

  '@types/bun@1.3.13':
    dependencies:
      bun-types: 1.3.13

  '@types/chrome@0.1.42':
    dependencies:
      '@types/filesystem': 0.0.36
      '@types/har-format': 1.2.16

  '@types/filesystem@0.0.36':
    dependencies:
      '@types/filewriter': 0.0.33

  '@types/filewriter@0.0.33': {}

  '@types/har-format@1.2.16': {}

  '@types/node@24.12.3':
    dependencies:
      undici-types: 7.16.0

  bun-types@1.3.13:
    dependencies:
      '@types/node': 24.12.3

  husky@9.1.7: {}

  oxfmt@0.15.0:
    optionalDependencies:
      '@oxfmt/darwin-arm64': 0.15.0
      '@oxfmt/darwin-x64': 0.15.0
      '@oxfmt/linux-arm64-gnu': 0.15.0
      '@oxfmt/linux-arm64-musl': 0.15.0
      '@oxfmt/linux-x64-gnu': 0.15.0
      '@oxfmt/linux-x64-musl': 0.15.0
      '@oxfmt/win32-arm64': 0.15.0
      '@oxfmt/win32-x64': 0.15.0

  oxlint@1.30.0:
    optionalDependencies:
      '@oxlint/darwin-arm64': 1.30.0
      '@oxlint/darwin-x64': 1.30.0
      '@oxlint/linux-arm64-gnu': 1.30.0
      '@oxlint/linux-arm64-musl': 1.30.0
      '@oxlint/linux-x64-gnu': 1.30.0
      '@oxlint/linux-x64-musl': 1.30.0
      '@oxlint/win32-arm64': 1.30.0
      '@oxlint/win32-x64': 1.30.0

  typescript@6.0.3: {}

  undici-types@7.16.0: {}
